
Microsoft Visual Studio Solution File, Format Version 12.00
# Visual Studio Version 16
VisualStudioVersion = 16.0.31515.178
MinimumVisualStudioVersion = 10.0.40219.1
Project("{FAE04EC0-301F-11D3-BF4B-00C04F79EFBC}") = "ServiceLocator", "ServiceLocator\ServiceLocator.csproj", "{07E64253-5E2A-414E-935C-03E491CDBCE0}"
EndProject
Project("{FAE04EC0-301F-11D3-BF4B-00C04F79EFBC}") = "ServiceLocator.Tests", "ServiceLocator.Tests\ServiceLocator.Tests.csproj", "{CE2768A5-E155-4AA7-83C9-0B0A6C3F17AF}"
EndProject
Global
	GlobalSection(SolutionConfigurationPlatforms) = preSolution
		Debug|Any CPU = Debug|Any CPU
		Release|Any CPU = Release|Any CPU
	EndGlobalSection
	GlobalSection(ProjectConfigurationPlatforms) = postSolution
		{07E64253-5E2A-414E-935C-03E491CDBCE0}.Debug|Any CPU.ActiveCfg = Debug|Any CPU
		{07E64253-5E2A-414E-935C-03E491CDBCE0}.Debug|Any CPU.Build.0 = Debug|Any CPU
		{07E64253-5E2A-414E-935C-03E491CDBCE0}.Release|Any CPU.ActiveCfg = Release|Any CPU
		{07E64253-5E2A-414E-935C-03E491CDBCE0}.Release|Any CPU.Build.0 = Release|Any CPU
		{CE2768A5-E155-4AA7-83C9-0B0A6C3F17AF}.Debug|Any CPU.ActiveCfg = Debug|Any CPU
		{CE2768A5-E155-4AA7-83C9-0B0A6C3F17AF}.Debug|Any CPU.Build.0 = Debug|Any CPU
		{CE2768A5-E155-4AA7-83C9-0B0A6C3F17AF}.Release|Any CPU.ActiveCfg = Release|Any CPU
		{CE2768A5-E155-4AA7-83C9-0B0A6C3F17AF}.Release|Any CPU.Build.0 = Release|Any CPU
	EndGlobalSection
	GlobalSection(SolutionProperties) = preSolution
		HideSolutionNode = FALSE
	EndGlobalSection
	GlobalSection(ExtensibilityGlobals) = postSolution
		SolutionGuid = {E529E884-79D5-4B36-905E-E3AFDF531E8E}
	EndGlobalSection
EndGlobal
